
Microsoft Visual Studio Solution File, Format Version 12.00
Project("{FAE04EC0-301F-11D3-BF4B-00C04F79EFBC}") = "Aoc23_01", "Aoc23_01\Aoc23_01.csproj", "{17D36CA0-4924-44AB-BC0B-BD3744696EB2}"
EndProject
Global
	GlobalSection(SolutionConfigurationPlatforms) = preSolution
		Debug|Any CPU = Debug|Any CPU
		Release|Any CPU = Release|Any CPU
	EndGlobalSection
	GlobalSection(ProjectConfigurationPlatforms) = postSolution
		{17D36CA0-4924-44AB-BC0B-BD3744696EB2}.Debug|Any CPU.ActiveCfg = Debug|Any CPU
		{17D36CA0-4924-44AB-BC0B-BD3744696EB2}.Debug|Any CPU.Build.0 = Debug|Any CPU
		{17D36CA0-4924-44AB-BC0B-BD3744696EB2}.Release|Any CPU.ActiveCfg = Release|Any CPU
		{17D36CA0-4924-44AB-BC0B-BD3744696EB2}.Release|Any CPU.Build.0 = Release|Any CPU
	EndGlobalSection
EndGlobal
